PODS:
  - FlutterMacOS (1.0.0)
  - macos_haptic_feedback (1.0.0):
    - FlutterMacOS

DEPENDENCIES:
  - FlutterMacOS (from `Flutter/ephemeral`)
  - macos_haptic_feedback (from `Flutter/ephemeral/.symlinks/plugins/macos_haptic_feedback/macos`)

EXTERNAL SOURCES:
  FlutterMacOS:
    :path: Flutter/ephemeral
  macos_haptic_feedback:
    :path: Flutter/ephemeral/.symlinks/plugins/macos_haptic_feedback/macos

SPEC CHECKSUMS:
  FlutterMacOS: d0db08ddef1a9af05a5ec4b724367152bb0500b1
  macos_haptic_feedback: 298e5c06ffc3838e80c557b24a74937a060798e6

PODFILE CHECKSUM: 2423b9e9518377f0fe5efc4dd489074a146c1bff

COCOAPODS: 1.16.2
